{
    "_meta": {
        "hash": {
            "sha256": "af399014b8a85a0bb55e6d3dfdb58710d52d4a38b0f84fb0abaddf0ea6085624"
        },
        "pipfile-spec": 6,
        "requires": {
            "python_version": "3.7"
        },
        "sources": [
            {
                "name": "pypi",
                "url": "https://pypi.org/simple",
                "verify_ssl": true
            }
        ]
    },
    "default": {
        "antiorm": {
            "hashes": [
                "sha256:96eb1841ce5163db4cf1dc13f4499ec2d7cffc190cf724b78ffdd3e6b7c4ff93"
            ],
            "version": "==1.2.1"
        },
        "db": {
            "hashes": [
                "sha256:980e772f15c1161d3b287ffec4f144e40961b0b3e6d5102809577870bf6c5808"
            ],
            "version": "==0.1.1"
        },
        "db-sqlite3": {
            "hashes": [
                "sha256:4dd410aa28a2c5b66de477f9dc62f523133217dd31c7ed7eb085214bea148db9"
            ],
            "index": "pypi",
            "version": "==0.0.1"
        },
        "sqlalchemy": {
            "hashes": [
                "sha256:8027fa183f5be466030617a497b2d64e0e16c8d615e5a34bdf9fab6f66bf4723"
            ],
            "index": "pypi",
            "version": "==1.2.18"
        }
    },
    "develop": {}
}
